[add]
path = "../../add/wit"
sha256 = "4abfbc3dcff4e5215fdfc7e1967da647b236c54d866a55abc91f15624d1d97ac"
sha512 = "377fa7a0cd3b0acc8d831ae9538f621af65a8fbf88887ede339a1ed64cc221a67ae8e00bcc18b5cf49e456398ab2be09c8451bd52deac4d9c34051f7ef2245d4"

[sub]
path = "../../sub/wit"
sha256 = "8b21c25bec4482d02cf0f5ced517e59995cf83ad621ab90ead69de08aaa05cfe"
sha512 = "fea4802567f3d6cb0da02a7932ede8cd233f0d6858e7695f947749319df05adfb731336a77982b57b1d464f00200ce22e3dac42623bd08985e4a7057daea0d3d"
